// !$*UTF8*$!
{
	archiveVersion = 1;
	classes = {
	};
	objectVersion = 46;
	objects = {

/* Begin PBXBuildFile section */
		2823BEBC1E329AC70011B5D5 /* AppDelegate.swift in Sources */ = {isa = PBXBuildFile; fileRef = 2823BEBB1E329AC70011B5D5 /* AppDelegate.swift */; };
		2823BEBE1E329AC70011B5D5 /* LoginVC.swift in Sources */ = {isa = PBXBuildFile; fileRef = 2823BEBD1E329AC70011B5D5 /* LoginVC.swift */; };
		2823BEC11E329AC70011B5D5 /* Main.storyboard in Resources */ = {isa = PBXBuildFile; fileRef = 2823BEBF1E329AC70011B5D5 /* Main.storyboard */; };
		2823BEC31E329AC70011B5D5 /* Assets.xcassets in Resources */ = {isa = PBXBuildFile; fileRef = 2823BEC21E329AC70011B5D5 /* Assets.xcassets */; };
		2823BEC61E329AC70011B5D5 /* LaunchScreen.storyboard in Resources */ = {isa = PBXBuildFile; fileRef = 2823BEC41E329AC70011B5D5 /* LaunchScreen.storyboard */; };
		2823BED11E32D2920011B5D5 /* BorderedButton.swift in Sources */ = {isa = PBXBuildFile; fileRef = 2823BED01E32D2920011B5D5 /* BorderedButton.swift */; };
		2823BED51E32D7E10011B5D5 /* Constants.swift in Sources */ = {isa = PBXBuildFile; fileRef = 2823BED41E32D7E10011B5D5 /* Constants.swift */; };
/* End PBXBuildFile section */

/* Begin PBXFileReference section */
		2823BEB81E329AC60011B5D5 /* My Favorite Movies.app */ = {isa = PBXFileReference; explicitFileType = wrapper.application; includeInIndex = 0; path = "My Favorite Movies.app"; sourceTree = BUILT_PRODUCTS_DIR; };
		2823BEBB1E329AC70011B5D5 /* AppDelegate.swift */ = {isa = PBXFileReference; lastKnownFileType = sourcecode.swift; path = AppDelegate.swift; sourceTree = "<group>"; };
		2823BEBD1E329AC70011B5D5 /* LoginVC.swift */ = {isa = PBXFileReference; lastKnownFileType = sourcecode.swift; path = LoginVC.swift; sourceTree = "<group>"; };
		2823BEC01E329AC70011B5D5 /* Base */ = {isa = PBXFileReference; lastKnownFileType = file.storyboard; name = Base; path = Base.lproj/Main.storyboard; sourceTree = "<group>"; };
		2823BEC21E329AC70011B5D5 /* Assets.xcassets */ = {isa = PBXFileReference; lastKnownFileType = folder.assetcatalog; path = Assets.xcassets; sourceTree = "<group>"; };
		2823BEC51E329AC70011B5D5 /* Base */ = {isa = PBXFileReference; lastKnownFileType = file.storyboard; name = Base; path = Base.lproj/LaunchScreen.storyboard; sourceTree = "<group>"; };
		2823BEC71E329AC70011B5D5 /* Info.plist */ = {isa = PBXFileReference; lastKnownFileType = text.plist.xml; path = Info.plist; sourceTree = "<group>"; };
		2823BED01E32D2920011B5D5 /* BorderedButton.swift */ = {isa = PBXFileReference; fileEncoding = 4; lastKnownFileType = sourcecode.swift; path = BorderedButton.swift; sourceTree = "<group>"; };
		2823BED41E32D7E10011B5D5 /* Constants.swift */ = {isa = PBXFileReference; fileEncoding = 4; lastKnownFileType = sourcecode.swift; path = Constants.swift; sourceTree = "<group>"; };
/* End PBXFileReference section */

/* Begin PBXFrameworksBuildPhase section */
		2823BEB51E329AC60011B5D5 /* Frameworks */ = {
			isa = PBXFrameworksBuildPhase;
			buildActionMask = 2147483647;
			files = (
			);
			runOnlyForDeploymentPostprocessing = 0;
		};
/* End PBXFrameworksBuildPhase section */

/* Begin PBXGroup section */
		2823BEAF1E329AC60011B5D5 = {
			isa = PBXGroup;
			children = (
				2823BEBA1E329AC60011B5D5 /* My Favorite Movies */,
				2823BEB91E329AC60011B5D5 /* Products */,
			);
			sourceTree = "<group>";
		};
		2823BEB91E329AC60011B5D5 /* Products */ = {
			isa = PBXGroup;
			children = (
				2823BEB81E329AC60011B5D5 /* My Favorite Movies.app */,
			);
			name = Products;
			sourceTree = "<group>";
		};
		2823BEBA1E329AC60011B5D5 /* My Favorite Movies */ = {
			isa = PBXGroup;
			children = (
				2823BECF1E329D530011B5D5 /* Model */,
				2823BECE1E329D4E0011B5D5 /* View */,
				2823BECD1E329D460011B5D5 /* Controller */,
				2823BEBB1E329AC70011B5D5 /* AppDelegate.swift */,
				2823BEBF1E329AC70011B5D5 /* Main.storyboard */,
				2823BEC21E329AC70011B5D5 /* Assets.xcassets */,
				2823BEC41E329AC70011B5D5 /* LaunchScreen.storyboard */,
				2823BEC71E329AC70011B5D5 /* Info.plist */,
			);
			path = "My Favorite Movies";
			sourceTree = "<group>";
		};
		2823BECD1E329D460011B5D5 /* Controller */ = {
			isa = PBXGroup;
			children = (
				2823BEBD1E329AC70011B5D5 /* LoginVC.swift */,
			);
			name = Controller;
			sourceTree = "<group>";
		};
		2823BECE1E329D4E0011B5D5 /* View */ = {
			isa = PBXGroup;
			children = (
				2823BED01E32D2920011B5D5 /* BorderedButton.swift */,
			);
			name = View;
			sourceTree = "<group>";
		};
		2823BECF1E329D530011B5D5 /* Model */ = {
			isa = PBXGroup;
			children = (
				2823BED41E32D7E10011B5D5 /* Constants.swift */,
			);
			name = Model;
			sourceTree = "<group>";
		};
/* End PBXGroup section */

/* Begin PBXNativeTarget section */
		2823BEB71E329AC60011B5D5 /* My Favorite Movies */ = {
			isa = PBXNativeTarget;
			buildConfigurationList = 2823BECA1E329AC70011B5D5 /* Build configuration list for PBXNativeTarget "My Favorite Movies" */;
			buildPhases = (
				2823BEB41E329AC60011B5D5 /* Sources */,
				2823BEB51E329AC60011B5D5 /* Frameworks */,
				2823BEB61E329AC60011B5D5 /* Resources */,
			);
			buildRules = (
			);
			dependencies = (
			);
			name = "My Favorite Movies";
			productName = "My Favorite Movies";
			productReference = 2823BEB81E329AC60011B5D5 /* My Favorite Movies.app */;
			productType = "com.apple.product-type.application";
		};
/* End PBXNativeTarget section */

/* Begin PBXProject section */
		2823BEB01E329AC60011B5D5 /* Project object */ = {
			isa = PBXProject;
			attributes = {
				LastSwiftUpdateCheck = 0820;
				LastUpgradeCheck = 0820;
				ORGANIZATIONNAME = Billy;
				TargetAttributes = {
					2823BEB71E329AC60011B5D5 = {
						CreatedOnToolsVersion = 8.2.1;
						DevelopmentTeam = BQ64AM57S3;
						ProvisioningStyle = Automatic;
					};
				};
			};
			buildConfigurationList = 2823BEB31E329AC60011B5D5 /* Build configuration list for PBXProject "My Favorite Movies" */;
			compatibilityVersion = "Xcode 3.2";
			developmentRegion = English;
			hasScannedForEncodings = 0;
			knownRegions = (
				en,
				Base,
			);
			mainGroup = 2823BEAF1E329AC60011B5D5;
			productRefGroup = 2823BEB91E329AC60011B5D5 /* Products */;
			projectDirPath = "";
			projectRoot = "";
			targets = (
				2823BEB71E329AC60011B5D5 /* My Favorite Movies */,
			);
		};
/* End PBXProject section */

/* Begin PBXResourcesBuildPhase section */
		2823BEB61E329AC60011B5D5 /* Resources */ = {
			isa = PBXResourcesBuildPhase;
			buildActionMask = 2147483647;
			files = (
				2823BEC61E329AC70011B5D5 /* LaunchScreen.storyboard in Resources */,
				2823BEC31E329AC70011B5D5 /* Assets.xcassets in Resources */,
				2823BEC11E329AC70011B5D5 /* Main.storyboard in Resources */,
			);
			runOnlyForDeploymentPostprocessing = 0;
		};
/* End PBXResourcesBuildPhase section */

/* Begin PBXSourcesBuildPhase section */
		2823BEB41E329AC60011B5D5 /* Sources */ = {
			isa = PBXSourcesBuildPhase;
			buildActionMask = 2147483647;
			files = (
				2823BEBE1E329AC70011B5D5 /* LoginVC.swift in Sources */,
				2823BEBC1E329AC70011B5D5 /* AppDelegate.swift in Sources */,
				2823BED11E32D2920011B5D5 /* BorderedButton.swift in Sources */,
				2823BED51E32D7E10011B5D5 /* Constants.swift in Sources */,
			);
			runOnlyForDeploymentPostprocessing = 0;
		};
/* End PBXSourcesBuildPhase section */

/* Begin PBXVariantGroup section */
		2823BEBF1E329AC70011B5D5 /* Main.storyboard */ = {
			isa = PBXVariantGroup;
			children = (
				2823BEC01E329AC70011B5D5 /* Base */,
			);
			name = Main.storyboard;
			sourceTree = "<group>";
		};
		2823BEC41E329AC70011B5D5 /* LaunchScreen.storyboard */ = {
			isa = PBXVariantGroup;
			children = (
				2823BEC51E329AC70011B5D5 /* Base */,
			);
			name = LaunchScreen.storyboard;
			sourceTree = "<group>";
		};
/* End PBXVariantGroup section */

/* Begin XCBuildConfiguration section */
		2823BEC81E329AC70011B5D5 /* Debug */ = {
			isa = XCBuildConfiguration;
			buildSettings = {
				ALWAYS_SEARCH_USER_PATHS = NO;
				CLANG_ANALYZER_NONNULL = YES;
				CLANG_CXX_LANGUAGE_STANDARD = "gnu++0x";
				CLANG_CXX_LIBRARY = "libc++";
				CLANG_ENABLE_MODULES = YES;
				CLANG_ENABLE_OBJC_ARC = YES;
				CLANG_WARN_BOOL_CONVERSION = YES;
				CLANG_WARN_CONSTANT_CONVERSION = YES;
				CLANG_WARN_DIRECT_OBJC_ISA_USAGE = YES_ERROR;
				CLANG_WARN_DOCUMENTATION_COMMENTS = YES;
				CLANG_WARN_EMPTY_BODY = YES;
				CLANG_WARN_ENUM_CONVERSION = YES;
				CLANG_WARN_INFINITE_RECURSION = YES;
				CLANG_WARN_INT_CONVERSION = YES;
				CLANG_WARN_OBJC_ROOT_CLASS = YES_ERROR;
				CLANG_WARN_SUSPICIOUS_MOVE = YES;
				CLANG_WARN_UNREACHABLE_CODE = YES;
				CLANG_WARN__DUPLICATE_METHOD_MATCH = YES;
				"CODE_SIGN_IDENTITY[sdk=iphoneos*]" = "iPhone Developer";
				COPY_PHASE_STRIP = NO;
				DEBUG_INFORMATION_FORMAT = dwarf;
				ENABLE_STRICT_OBJC_MSGSEND = YES;
				ENABLE_TESTABILITY = YES;
				GCC_C_LANGUAGE_STANDARD = gnu99;
				GCC_DYNAMIC_NO_PIC = NO;
				GCC_NO_COMMON_BLOCKS = YES;
				GCC_OPTIMIZATION_LEVEL = 0;
				GCC_PREPROCESSOR_DEFINITIONS = (
					"DEBUG=1",
					"$(inherited)",
				);
				GCC_WARN_64_TO_32_BIT_CONVERSION = YES;
				GCC_WARN_ABOUT_RETURN_TYPE = YES_ERROR;
				GCC_WARN_UNDECLARED_SELECTOR = YES;
				GCC_WARN_UNINITIALIZED_AUTOS = YES_AGGRESSIVE;
				GCC_WARN_UNUSED_FUNCTION = YES;
				GCC_WARN_UNUSED_VARIABLE = YES;
				IPHONEOS_DEPLOYMENT_TARGET = 10.2;
				MTL_ENABLE_DEBUG_INFO = YES;
				ONLY_ACTIVE_ARCH = YES;
				SDKROOT = iphoneos;
				SWIFT_ACTIVE_COMPILATION_CONDITIONS = DEBUG;
				SWIFT_OPTIMIZATION_LEVEL = "-Onone";
			};
			name = Debug;
		};
		2823BEC91E329AC70011B5D5 /* Release */ = {
			isa = XCBuildConfiguration;
			buildSettings = {
				ALWAYS_SEARCH_USER_PATHS = NO;
				CLANG_ANALYZER_NONNULL = YES;
				CLANG_CXX_LANGUAGE_STANDARD = "gnu++0x";
				CLANG_CXX_LIBRARY = "libc++";
				CLANG_ENABLE_MODULES = YES;
				CLANG_ENABLE_OBJC_ARC = YES;
				CLANG_WARN_BOOL_CONVERSION = YES;
				CLANG_WARN_CONSTANT_CONVERSION = YES;
				CLANG_WARN_DIRECT_OBJC_ISA_USAGE = YES_ERROR;
				CLANG_WARN_DOCUMENTATION_COMMENTS = YES;
				CLANG_WARN_EMPTY_BODY = YES;
				CLANG_WARN_ENUM_CONVERSION = YES;
				CLANG_WARN_INFINITE_RECURSION = YES;
				CLANG_WARN_INT_CONVERSION = YES;
				CLANG_WARN_OBJC_ROOT_CLASS = YES_ERROR;
				CLANG_WARN_SUSPICIOUS_MOVE = YES;
				CLANG_WARN_UNREACHABLE_CODE = YES;
				CLANG_WARN__DUPLICATE_METHOD_MATCH = YES;
				"CODE_SIGN_IDENTITY[sdk=iphoneos*]" = "iPhone Developer";
				COPY_PHASE_STRIP = NO;
				DEBUG_INFORMATION_FORMAT = "dwarf-with-dsym";
				ENABLE_NS_ASSERTIONS = NO;
				ENABLE_STRICT_OBJC_MSGSEND = YES;
				GCC_C_LANGUAGE_STANDARD = gnu99;
				GCC_NO_COMMON_BLOCKS = YES;
				GCC_WARN_64_TO_32_BIT_CONVERSION = YES;
				GCC_WARN_ABOUT_RETURN_TYPE = YES_ERROR;
				GCC_WARN_UNDECLARED_SELECTOR = YES;
				GCC_WARN_UNINITIALIZED_AUTOS = YES_AGGRESSIVE;
				GCC_WARN_UNUSED_FUNCTION = YES;
				GCC_WARN_UNUSED_VARIABLE = YES;
				IPHONEOS_DEPLOYMENT_TARGET = 10.2;
				MTL_ENABLE_DEBUG_INFO = NO;
				SDKROOT = iphoneos;
				SWIFT_OPTIMIZATION_LEVEL = "-Owholemodule";
				VALIDATE_PRODUCT = YES;
			};
			name = Release;
		};
		2823BECB1E329AC70011B5D5 /* Debug */ = {
			isa = XCBuildConfiguration;
			buildSettings = {
				ASSETCATALOG_COMPILER_APPICON_NAME = AppIcon;
				DEVELOPMENT_TEAM = BQ64AM57S3;
				INFOPLIST_FILE = "My Favorite Movies/Info.plist";
				LD_RUNPATH_SEARCH_PATHS = "$(inherited) @executable_path/Frameworks";
				PRODUCT_BUNDLE_IDENTIFIER = "billy1301.My-Favorite-Movies";
				PRODUCT_NAME = "$(TARGET_NAME)";
				SWIFT_VERSION = 3.0;
			};
			name = Debug;
		};
		2823BECC1E329AC70011B5D5 /* Release */ = {
			isa = XCBuildConfiguration;
			buildSettings = {
				ASSETCATALOG_COMPILER_APPICON_NAME = AppIcon;
				DEVELOPMENT_TEAM = BQ64AM57S3;
				INFOPLIST_FILE = "My Favorite Movies/Info.plist";
				LD_RUNPATH_SEARCH_PATHS = "$(inherited) @executable_path/Frameworks";
				PRODUCT_BUNDLE_IDENTIFIER = "billy1301.My-Favorite-Movies";
				PRODUCT_NAME = "$(TARGET_NAME)";
				SWIFT_VERSION = 3.0;
			};
			name = Release;
		};
/* End XCBuildConfiguration section */

/* Begin XCConfigurationList section */
		2823BEB31E329AC60011B5D5 /* Build configuration list for PBXProject "My Favorite Movies" */ = {
			isa = XCConfigurationList;
			buildConfigurations = (
				2823BEC81E329AC70011B5D5 /* Debug */,
				2823BEC91E329AC70011B5D5 /* Release */,
			);
			defaultConfigurationIsVisible = 0;
			defaultConfigurationName = Release;
		};
		2823BECA1E329AC70011B5D5 /* Build configuration list for PBXNativeTarget "My Favorite Movies" */ = {
			isa = XCConfigurationList;
			buildConfigurations = (
				2823BECB1E329AC70011B5D5 /* Debug */,
				2823BECC1E329AC70011B5D5 /* Release */,
			);
			defaultConfigurationIsVisible = 0;
			defaultConfigurationName = Release;
		};
/* End XCConfigurationList section */
	};
	rootObject = 2823BEB01E329AC60011B5D5 /* Project object */;
}
